
Microsoft Visual Studio Solution File, Format Version 12.00
# Visual Studio Version 16
VisualStudioVersion = 16.0.31624.102
MinimumVisualStudioVersion = 10.0.40219.1
Project("{8BC9CEB8-8B4A-11D0-8D11-00A0C91BC942}") = "5.3", "5.3.vcxproj", "{9F58E156-9922-43BC-9E10-E114261CB3FD}"
EndProject
Project("{8BC9CEB8-8B4A-11D0-8D11-00A0C91BC942}") = "UnitTest2", "..\UnitTest2\UnitTest2.vcxproj", "{FC26645D-BEFC-457B-A568-B35C53898038}"
EndProject
Global
	GlobalSection(SolutionConfigurationPlatforms) = preSolution
		Debug|x64 = Debug|x64
		Debug|x86 = Debug|x86
		Release|x64 = Release|x64
		Release|x86 = Release|x86
	EndGlobalSection
	GlobalSection(ProjectConfigurationPlatforms) = postSolution
		{9F58E156-9922-43BC-9E10-E114261CB3FD}.Debug|x64.ActiveCfg = Debug|x64
		{9F58E156-9922-43BC-9E10-E114261CB3FD}.Debug|x64.Build.0 = Debug|x64
		{9F58E156-9922-43BC-9E10-E114261CB3FD}.Debug|x86.ActiveCfg = Debug|Win32
		{9F58E156-9922-43BC-9E10-E114261CB3FD}.Debug|x86.Build.0 = Debug|Win32
		{9F58E156-9922-43BC-9E10-E114261CB3FD}.Release|x64.ActiveCfg = Release|x64
		{9F58E156-9922-43BC-9E10-E114261CB3FD}.Release|x64.Build.0 = Release|x64
		{9F58E156-9922-43BC-9E10-E114261CB3FD}.Release|x86.ActiveCfg = Release|Win32
		{9F58E156-9922-43BC-9E10-E114261CB3FD}.Release|x86.Build.0 = Release|Win32
		{FC26645D-BEFC-457B-A568-B35C53898038}.Debug|x64.ActiveCfg = Debug|x64
		{FC26645D-BEFC-457B-A568-B35C53898038}.Debug|x64.Build.0 = Debug|x64
		{FC26645D-BEFC-457B-A568-B35C53898038}.Debug|x86.ActiveCfg = Debug|Win32
		{FC26645D-BEFC-457B-A568-B35C53898038}.Debug|x86.Build.0 = Debug|Win32
		{FC26645D-BEFC-457B-A568-B35C53898038}.Release|x64.ActiveCfg = Release|x64
		{FC26645D-BEFC-457B-A568-B35C53898038}.Release|x64.Build.0 = Release|x64
		{FC26645D-BEFC-457B-A568-B35C53898038}.Release|x86.ActiveCfg = Release|Win32
		{FC26645D-BEFC-457B-A568-B35C53898038}.Release|x86.Build.0 = Release|Win32
	EndGlobalSection
	GlobalSection(SolutionProperties) = preSolution
		HideSolutionNode = FALSE
	EndGlobalSection
	GlobalSection(ExtensibilityGlobals) = postSolution
		SolutionGuid = {0BF53E56-7E32-4F05-A089-8E89B2828088}
	EndGlobalSection
EndGlobal
